schema: '2.0'
stages:
  data_ingestion:
    cmd: python src/cnnClassifier/pipeline/stage_01_data_ingestion.py
    deps:
    - path: config/config.yaml
      hash: md5
      md5: c1726af6043a9d81ce2a2d9d6b8cb265
      size: 563
    - path: src/cnnClassifier/pipeline/stage_01_data_ingestion.py
      hash: md5
      md5: 0fcc521192031c94c6c273e76aea7c65
      size: 881
    outs:
    - path: artifacts/data_ingestion/Chest-CT-Scan-data
      hash: md5
      md5: 904fa45d934ce879b3b1933dca6cb2f1.dir
      size: 49247431
      nfiles: 343
  prepare_base_model:
    cmd: python src/cnnClassifier/pipeline/stage_02_prepare_base_model.py
    deps:
    - path: config/config.yaml
      hash: md5
      md5: c1726af6043a9d81ce2a2d9d6b8cb265
      size: 563
    - path: src/cnnClassifier/pipeline/stage_02_prepare_base_model.py
      hash: md5
      md5: 998961e8016f45777cbfbe464955dc2e
      size: 966
    params:
      params.yaml:
        CLASSES: 2
        IMAGE_SIZE:
        - 112
        - 112
        - 3
        INCLUDE_TOP: false
        LEARNING_RATE: 0.001
        WEIGHTS: imagenet
    outs:
    - path: artifacts/prepare_base_model
      hash: md5
      md5: af7a0a0126a97f21fdc7e8ecc49c4960.dir
      size: 117890720
      nfiles: 2
  training:
    cmd: python src/cnnClassifier/pipeline/stage_03_model_trainer.py
    deps:
    - path: artifacts/data_ingestion/Chest-CT-Scan-data
      hash: md5
      md5: 904fa45d934ce879b3b1933dca6cb2f1.dir
      size: 49247431
      nfiles: 343
    - path: artifacts/prepare_base_model
      hash: md5
      md5: af7a0a0126a97f21fdc7e8ecc49c4960.dir
      size: 117890720
      nfiles: 2
    - path: config/config.yaml
      hash: md5
      md5: c1726af6043a9d81ce2a2d9d6b8cb265
      size: 563
    - path: src/cnnClassifier/pipeline/stage_03_model_trainer.py
      hash: md5
      md5: be1b355eddaed90426399217a9ee85bf
      size: 893
    params:
      params.yaml:
        AUGMENTATION: true
        BATCH_SIZE: 16
        EPOCHS: 10
        IMAGE_SIZE:
        - 112
        - 112
        - 3
    outs:
    - path: artifacts/training/model.h5
      hash: md5
      md5: f83da00f54540f3bcc42c13b4ac6fb4f
      size: 59009840
  evaluation:
    cmd: python src/cnnClassifier/pipeline/stage_04_model_evaluation.py
    deps:
    - path: artifacts/data_ingestion/Chest-CT-Scan-data
      hash: md5
      md5: 904fa45d934ce879b3b1933dca6cb2f1.dir
      size: 49247431
      nfiles: 343
    - path: artifacts/training/model.h5
      hash: md5
      md5: f83da00f54540f3bcc42c13b4ac6fb4f
      size: 59009840
    - path: config/config.yaml
      hash: md5
      md5: c1726af6043a9d81ce2a2d9d6b8cb265
      size: 563
    - path: src/cnnClassifier/pipeline/stage_04_model_evaluation.py
      hash: md5
      md5: 3e859cb6154f26c0de44704ca83a303d
      size: 897
    params:
      params.yaml:
        BATCH_SIZE: 16
        IMAGE_SIZE:
        - 112
        - 112
        - 3
    outs:
    - path: scores.json
      hash: md5
      md5: 2743b2c2ff24ecca67f5356815ac683e
      size: 70
